
Microsoft Visual Studio Solution File, Format Version 12.00
# Visual Studio Version 16
VisualStudioVersion = 16.0.809.0
MinimumVisualStudioVersion = 10.0.40219.1
Project("{FAE04EC0-301F-11D3-BF4B-00C04F79EFBC}") = "XCTBadgeViewSample.Android", "XCTBadgeViewSample.Android\XCTBadgeViewSample.Android.csproj", "{E5B30F9C-E5A2-4413-B846-5A8F33391321}"
EndProject
Project("{FAE04EC0-301F-11D3-BF4B-00C04F79EFBC}") = "XCTBadgeViewSample.iOS", "XCTBadgeViewSample.iOS\XCTBadgeViewSample.iOS.csproj", "{F484BF27-344F-48EB-BD5A-3A50A4C4605B}"
EndProject
Project("{FAE04EC0-301F-11D3-BF4B-00C04F79EFBC}") = "XCTBadgeViewSample", "XCTBadgeViewSample\XCTBadgeViewSample.csproj", "{7BE32447-B498-4D5A-BD06-C262801B3016}"
EndProject
Global
	GlobalSection(SolutionConfigurationPlatforms) = preSolution
		Debug|Any CPU = Debug|Any CPU
		Release|Any CPU = Release|Any CPU
		Debug|iPhoneSimulator = Debug|iPhoneSimulator
		Release|iPhoneSimulator = Release|iPhoneSimulator
		Debug|iPhone = Debug|iPhone
		Release|iPhone = Release|iPhone
	EndGlobalSection
	GlobalSection(ProjectConfigurationPlatforms) = postSolution
		{E5B30F9C-E5A2-4413-B846-5A8F33391321}.Debug|Any CPU.ActiveCfg = Debug|Any CPU
		{E5B30F9C-E5A2-4413-B846-5A8F33391321}.Debug|Any CPU.Build.0 = Debug|Any CPU
		{E5B30F9C-E5A2-4413-B846-5A8F33391321}.Release|Any CPU.ActiveCfg = Release|Any CPU
		{E5B30F9C-E5A2-4413-B846-5A8F33391321}.Release|Any CPU.Build.0 = Release|Any CPU
		{E5B30F9C-E5A2-4413-B846-5A8F33391321}.Debug|iPhoneSimulator.ActiveCfg = Debug|Any CPU
		{E5B30F9C-E5A2-4413-B846-5A8F33391321}.Debug|iPhoneSimulator.Build.0 = Debug|Any CPU
		{E5B30F9C-E5A2-4413-B846-5A8F33391321}.Release|iPhoneSimulator.ActiveCfg = Release|Any CPU
		{E5B30F9C-E5A2-4413-B846-5A8F33391321}.Release|iPhoneSimulator.Build.0 = Release|Any CPU
		{E5B30F9C-E5A2-4413-B846-5A8F33391321}.Debug|iPhone.ActiveCfg = Debug|Any CPU
		{E5B30F9C-E5A2-4413-B846-5A8F33391321}.Debug|iPhone.Build.0 = Debug|Any CPU
		{E5B30F9C-E5A2-4413-B846-5A8F33391321}.Release|iPhone.ActiveCfg = Release|Any CPU
		{E5B30F9C-E5A2-4413-B846-5A8F33391321}.Release|iPhone.Build.0 = Release|Any CPU
		{F484BF27-344F-48EB-BD5A-3A50A4C4605B}.Debug|Any CPU.ActiveCfg = Debug|iPhoneSimulator
		{F484BF27-344F-48EB-BD5A-3A50A4C4605B}.Debug|Any CPU.Build.0 = Debug|iPhoneSimulator
		{F484BF27-344F-48EB-BD5A-3A50A4C4605B}.Release|Any CPU.ActiveCfg = Release|iPhoneSimulator
		{F484BF27-344F-48EB-BD5A-3A50A4C4605B}.Release|Any CPU.Build.0 = Release|iPhoneSimulator
		{F484BF27-344F-48EB-BD5A-3A50A4C4605B}.Debug|iPhoneSimulator.ActiveCfg = Debug|iPhoneSimulator
		{F484BF27-344F-48EB-BD5A-3A50A4C4605B}.Debug|iPhoneSimulator.Build.0 = Debug|iPhoneSimulator
		{F484BF27-344F-48EB-BD5A-3A50A4C4605B}.Release|iPhoneSimulator.ActiveCfg = Release|iPhoneSimulator
		{F484BF27-344F-48EB-BD5A-3A50A4C4605B}.Release|iPhoneSimulator.Build.0 = Release|iPhoneSimulator
		{F484BF27-344F-48EB-BD5A-3A50A4C4605B}.Debug|iPhone.ActiveCfg = Debug|iPhone
		{F484BF27-344F-48EB-BD5A-3A50A4C4605B}.Debug|iPhone.Build.0 = Debug|iPhone
		{F484BF27-344F-48EB-BD5A-3A50A4C4605B}.Release|iPhone.ActiveCfg = Release|iPhone
		{F484BF27-344F-48EB-BD5A-3A50A4C4605B}.Release|iPhone.Build.0 = Release|iPhone
		{7BE32447-B498-4D5A-BD06-C262801B3016}.Debug|Any CPU.ActiveCfg = Debug|Any CPU
		{7BE32447-B498-4D5A-BD06-C262801B3016}.Debug|Any CPU.Build.0 = Debug|Any CPU
		{7BE32447-B498-4D5A-BD06-C262801B3016}.Release|Any CPU.ActiveCfg = Release|Any CPU
		{7BE32447-B498-4D5A-BD06-C262801B3016}.Release|Any CPU.Build.0 = Release|Any CPU
		{7BE32447-B498-4D5A-BD06-C262801B3016}.Debug|iPhoneSimulator.ActiveCfg = Debug|Any CPU
		{7BE32447-B498-4D5A-BD06-C262801B3016}.Debug|iPhoneSimulator.Build.0 = Debug|Any CPU
		{7BE32447-B498-4D5A-BD06-C262801B3016}.Release|iPhoneSimulator.ActiveCfg = Release|Any CPU
		{7BE32447-B498-4D5A-BD06-C262801B3016}.Release|iPhoneSimulator.Build.0 = Release|Any CPU
		{7BE32447-B498-4D5A-BD06-C262801B3016}.Debug|iPhone.ActiveCfg = Debug|Any CPU
		{7BE32447-B498-4D5A-BD06-C262801B3016}.Debug|iPhone.Build.0 = Debug|Any CPU
		{7BE32447-B498-4D5A-BD06-C262801B3016}.Release|iPhone.ActiveCfg = Release|Any CPU
		{7BE32447-B498-4D5A-BD06-C262801B3016}.Release|iPhone.Build.0 = Release|Any CPU
	EndGlobalSection
	GlobalSection(SolutionProperties) = preSolution
		HideSolutionNode = FALSE
	EndGlobalSection
	GlobalSection(ExtensibilityGlobals) = postSolution
		SolutionGuid = {5EDAC1F8-C41F-4417-9481-C940C09E6618}
	EndGlobalSection
EndGlobal
